{
  "name": "2048",
  "version": "1.0.0",
  "lockfileVersion": 1,
  "requires": true,
  "dependencies": {
    "natives": {
      "version": "1.1.6",
      "resolved": "https://registry.npmjs.org/natives/-/natives-1.1.6.tgz",
      "integrity": "sha512-6+TDFewD4yxY14ptjKaS63GVdtKiES1pTPyxn9Jb0rBqPMZ7VcCiooEhPNsr+mqHtMGxa/5c/HhcC4uPEUw/nA=="
    },
    "sweetalert2": {
      "version": "11.4.4",
      "resolved": "https://registry.npmjs.org/sweetalert2/-/sweetalert2-11.4.4.tgz",
      "integrity": "sha512-9yYWQuRT1v9JNI/paPTSYV+68MHwe9C+HQ/I2jtfaFzoJgYRftWXOs4JqmDSjT7m2m4r8ebMMn8LcxD1Wq9B/w=="
    },
    "swiped-events": {
      "version": "1.1.6",
      "resolved": "https://registry.npmjs.org/swiped-events/-/swiped-events-1.1.6.tgz",
      "integrity": "sha512-X0d1FbXes9j4AckSN/k2x6WW2KSTmtEFIjUjThVy8lKrB4Orf89xFPMNbAj2vTZE3Wo2+yaNl6hZoXH9DhC4vg==",
      "requires": {
        "natives": "^1.1.6"
      }
    }
  }
}
